// !$*UTF8*$!
{
	archiveVersion = 1;
	classes = {
	};
	objectVersion = 46;
	objects = {

/* Begin PBXBuildFile section */
		04DAE11E1C06F9740037928C /* main.m in Sources */ = {isa = PBXBuildFile; fileRef = 04DAE11D1C06F9740037928C /* main.m */; };
		04DAE1211C06F9740037928C /* AppDelegate.m in Sources */ = {isa = PBXBuildFile; fileRef = 04DAE1201C06F9740037928C /* AppDelegate.m */; };
		04DAE1241C06F9740037928C /* ViewController.m in Sources */ = {isa = PBXBuildFile; fileRef = 04DAE1231C06F9740037928C /* ViewController.m */; };
		04DAE1271C06F9740037928C /* Main.storyboard in Resources */ = {isa = PBXBuildFile; fileRef = 04DAE1251C06F9740037928C /* Main.storyboard */; };
		04DAE1291C06F9740037928C /* Images.xcassets in Resources */ = {isa = PBXBuildFile; fileRef = 04DAE1281C06F9740037928C /* Images.xcassets */; };
		04DAE12C1C06F9740037928C /* LaunchScreen.xib in Resources */ = {isa = PBXBuildFile; fileRef = 04DAE12A1C06F9740037928C /* LaunchScreen.xib */; };
		04DAE1381C06F9740037928C /* titleTests.m in Sources */ = {isa = PBXBuildFile; fileRef = 04DAE1371C06F9740037928C /* titleTests.m */; };
		04DAE1421C06F99A0037928C /* e.jpg in Resources */ = {isa = PBXBuildFile; fileRef = 04DAE1411C06F99A0037928C /* e.jpg */; };
/* End PBXBuildFile section */

/* Begin PBXContainerItemProxy section */
		04DAE1321C06F9740037928C /* PBXContainerItemProxy */ = {
			isa = PBXContainerItemProxy;
			containerPortal = 04DAE1101C06F9740037928C /* Project object */;
			proxyType = 1;
			remoteGlobalIDString = 04DAE1171C06F9740037928C;
			remoteInfo = title;
		};
/* End PBXContainerItemProxy section */

/* Begin PBXFileReference section */
		04DAE1181C06F9740037928C /* title.app */ = {isa = PBXFileReference; explicitFileType = wrapper.application; includeInIndex = 0; path = title.app; sourceTree = BUILT_PRODUCTS_DIR; };
		04DAE11C1C06F9740037928C /* Info.plist */ = {isa = PBXFileReference; lastKnownFileType = text.plist.xml; path = Info.plist; sourceTree = "<group>"; };
		04DAE11D1C06F9740037928C /* main.m */ = {isa = PBXFileReference; lastKnownFileType = sourcecode.c.objc; path = main.m; sourceTree = "<group>"; };
		04DAE11F1C06F9740037928C /* AppDelegate.h */ = {isa = PBXFileReference; lastKnownFileType = sourcecode.c.h; path = AppDelegate.h; sourceTree = "<group>"; };
		04DAE1201C06F9740037928C /* AppDelegate.m */ = {isa = PBXFileReference; lastKnownFileType = sourcecode.c.objc; path = AppDelegate.m; sourceTree = "<group>"; };
		04DAE1221C06F9740037928C /* ViewController.h */ = {isa = PBXFileReference; lastKnownFileType = sourcecode.c.h; path = ViewController.h; sourceTree = "<group>"; };
		04DAE1231C06F9740037928C /* ViewController.m */ = {isa = PBXFileReference; lastKnownFileType = sourcecode.c.objc; path = ViewController.m; sourceTree = "<group>"; };
		04DAE1261C06F9740037928C /* Base */ = {isa = PBXFileReference; lastKnownFileType = file.storyboard; name = Base; path = Base.lproj/Main.storyboard; sourceTree = "<group>"; };
		04DAE1281C06F9740037928C /* Images.xcassets */ = {isa = PBXFileReference; lastKnownFileType = folder.assetcatalog; path = Images.xcassets; sourceTree = "<group>"; };
		04DAE12B1C06F9740037928C /* Base */ = {isa = PBXFileReference; lastKnownFileType = file.xib; name = Base; path = Base.lproj/LaunchScreen.xib; sourceTree = "<group>"; };
		04DAE1311C06F9740037928C /* titleTests.xctest */ = {isa = PBXFileReference; explicitFileType = wrapper.cfbundle; includeInIndex = 0; path = titleTests.xctest; sourceTree = BUILT_PRODUCTS_DIR; };
		04DAE1361C06F9740037928C /* Info.plist */ = {isa = PBXFileReference; lastKnownFileType = text.plist.xml; path = Info.plist; sourceTree = "<group>"; };
		04DAE1371C06F9740037928C /* titleTests.m */ = {isa = PBXFileReference; lastKnownFileType = sourcecode.c.objc; path = titleTests.m; sourceTree = "<group>"; };
		04DAE1411C06F99A0037928C /* e.jpg */ = {isa = PBXFileReference; lastKnownFileType = image.jpeg; path = e.jpg; sourceTree = "<group>"; };
/* End PBXFileReference section */

/* Begin PBXFrameworksBuildPhase section */
		04DAE1151C06F9740037928C /* Frameworks */ = {
			isa = PBXFrameworksBuildPhase;
			buildActionMask = 2147483647;
			files = (
			);
			runOnlyForDeploymentPostprocessing = 0;
		};
		04DAE12E1C06F9740037928C /* Frameworks */ = {
			isa = PBXFrameworksBuildPhase;
			buildActionMask = 2147483647;
			files = (
			);
			runOnlyForDeploymentPostprocessing = 0;
		};
/* End PBXFrameworksBuildPhase section */

/* Begin PBXGroup section */
		04DAE10F1C06F9740037928C = {
			isa = PBXGroup;
			children = (
				04DAE11A1C06F9740037928C /* title */,
				04DAE1341C06F9740037928C /* titleTests */,
				04DAE1191C06F9740037928C /* Products */,
			);
			sourceTree = "<group>";
		};
		04DAE1191C06F9740037928C /* Products */ = {
			isa = PBXGroup;
			children = (
				04DAE1181C06F9740037928C /* title.app */,
				04DAE1311C06F9740037928C /* titleTests.xctest */,
			);
			name = Products;
			sourceTree = "<group>";
		};
		04DAE11A1C06F9740037928C /* title */ = {
			isa = PBXGroup;
			children = (
				04DAE11F1C06F9740037928C /* AppDelegate.h */,
				04DAE1201C06F9740037928C /* AppDelegate.m */,
				04DAE1221C06F9740037928C /* ViewController.h */,
				04DAE1231C06F9740037928C /* ViewController.m */,
				04DAE1411C06F99A0037928C /* e.jpg */,
				04DAE1251C06F9740037928C /* Main.storyboard */,
				04DAE1281C06F9740037928C /* Images.xcassets */,
				04DAE12A1C06F9740037928C /* LaunchScreen.xib */,
				04DAE11B1C06F9740037928C /* Supporting Files */,
			);
			path = title;
			sourceTree = "<group>";
		};
		04DAE11B1C06F9740037928C /* Supporting Files */ = {
			isa = PBXGroup;
			children = (
				04DAE11C1C06F9740037928C /* Info.plist */,
				04DAE11D1C06F9740037928C /* main.m */,
			);
			name = "Supporting Files";
			sourceTree = "<group>";
		};
		04DAE1341C06F9740037928C /* titleTests */ = {
			isa = PBXGroup;
			children = (
				04DAE1371C06F9740037928C /* titleTests.m */,
				04DAE1351C06F9740037928C /* Supporting Files */,
			);
			path = titleTests;
			sourceTree = "<group>";
		};
		04DAE1351C06F9740037928C /* Supporting Files */ = {
			isa = PBXGroup;
			children = (
				04DAE1361C06F9740037928C /* Info.plist */,
			);
			name = "Supporting Files";
			sourceTree = "<group>";
		};
/* End PBXGroup section */

/* Begin PBXNativeTarget section */
		04DAE1171C06F9740037928C /* title */ = {
			isa = PBXNativeTarget;
			buildConfigurationList = 04DAE13B1C06F9740037928C /* Build configuration list for PBXNativeTarget "title" */;
			buildPhases = (
				04DAE1141C06F9740037928C /* Sources */,
				04DAE1151C06F9740037928C /* Frameworks */,
				04DAE1161C06F9740037928C /* Resources */,
			);
			buildRules = (
			);
			dependencies = (
			);
			name = title;
			productName = title;
			productReference = 04DAE1181C06F9740037928C /* title.app */;
			productType = "com.apple.product-type.application";
		};
		04DAE1301C06F9740037928C /* titleTests */ = {
			isa = PBXNativeTarget;
			buildConfigurationList = 04DAE13E1C06F9740037928C /* Build configuration list for PBXNativeTarget "titleTests" */;
			buildPhases = (
				04DAE12D1C06F9740037928C /* Sources */,
				04DAE12E1C06F9740037928C /* Frameworks */,
				04DAE12F1C06F9740037928C /* Resources */,
			);
			buildRules = (
			);
			dependencies = (
				04DAE1331C06F9740037928C /* PBXTargetDependency */,
			);
			name = titleTests;
			productName = titleTests;
			productReference = 04DAE1311C06F9740037928C /* titleTests.xctest */;
			productType = "com.apple.product-type.bundle.unit-test";
		};
/* End PBXNativeTarget section */

/* Begin PBXProject section */
		04DAE1101C06F9740037928C /* Project object */ = {
			isa = PBXProject;
			attributes = {
				LastUpgradeCheck = 0640;
				ORGANIZATIONNAME = mac;
				TargetAttributes = {
					04DAE1171C06F9740037928C = {
						CreatedOnToolsVersion = 6.4;
					};
					04DAE1301C06F9740037928C = {
						CreatedOnToolsVersion = 6.4;
						TestTargetID = 04DAE1171C06F9740037928C;
					};
				};
			};
			buildConfigurationList = 04DAE1131C06F9740037928C /* Build configuration list for PBXProject "title" */;
			compatibilityVersion = "Xcode 3.2";
			developmentRegion = English;
			hasScannedForEncodings = 0;
			knownRegions = (
				en,
				Base,
			);
			mainGroup = 04DAE10F1C06F9740037928C;
			productRefGroup = 04DAE1191C06F9740037928C /* Products */;
			projectDirPath = "";
			projectRoot = "";
			targets = (
				04DAE1171C06F9740037928C /* title */,
				04DAE1301C06F9740037928C /* titleTests */,
			);
		};
/* End PBXProject section */

/* Begin PBXResourcesBuildPhase section */
		04DAE1161C06F9740037928C /* Resources */ = {
			isa = PBXResourcesBuildPhase;
			buildActionMask = 2147483647;
			files = (
				04DAE1271C06F9740037928C /* Main.storyboard in Resources */,
				04DAE1421C06F99A0037928C /* e.jpg in Resources */,
				04DAE12C1C06F9740037928C /* LaunchScreen.xib in Resources */,
				04DAE1291C06F9740037928C /* Images.xcassets in Resources */,
			);
			runOnlyForDeploymentPostprocessing = 0;
		};
		04DAE12F1C06F9740037928C /* Resources */ = {
			isa = PBXResourcesBuildPhase;
			buildActionMask = 2147483647;
			files = (
			);
			runOnlyForDeploymentPostprocessing = 0;
		};
/* End PBXResourcesBuildPhase section */

/* Begin PBXSourcesBuildPhase section */
		04DAE1141C06F9740037928C /* Sources */ = {
			isa = PBXSourcesBuildPhase;
			buildActionMask = 2147483647;
			files = (
				04DAE1241C06F9740037928C /* ViewController.m in Sources */,
				04DAE1211C06F9740037928C /* AppDelegate.m in Sources */,
				04DAE11E1C06F9740037928C /* main.m in Sources */,
			);
			runOnlyForDeploymentPostprocessing = 0;
		};
		04DAE12D1C06F9740037928C /* Sources */ = {
			isa = PBXSourcesBuildPhase;
			buildActionMask = 2147483647;
			files = (
				04DAE1381C06F9740037928C /* titleTests.m in Sources */,
			);
			runOnlyForDeploymentPostprocessing = 0;
		};
/* End PBXSourcesBuildPhase section */

/* Begin PBXTargetDependency section */
		04DAE1331C06F9740037928C /* PBXTargetDependency */ = {
			isa = PBXTargetDependency;
			target = 04DAE1171C06F9740037928C /* title */;
			targetProxy = 04DAE1321C06F9740037928C /* PBXContainerItemProxy */;
		};
/* End PBXTargetDependency section */

/* Begin PBXVariantGroup section */
		04DAE1251C06F9740037928C /* Main.storyboard */ = {
			isa = PBXVariantGroup;
			children = (
				04DAE1261C06F9740037928C /* Base */,
			);
			name = Main.storyboard;
			sourceTree = "<group>";
		};
		04DAE12A1C06F9740037928C /* LaunchScreen.xib */ = {
			isa = PBXVariantGroup;
			children = (
				04DAE12B1C06F9740037928C /* Base */,
			);
			name = LaunchScreen.xib;
			sourceTree = "<group>";
		};
/* End PBXVariantGroup section */

/* Begin XCBuildConfiguration section */
		04DAE1391C06F9740037928C /* Debug */ = {
			isa = XCBuildConfiguration;
			buildSettings = {
				ALWAYS_SEARCH_USER_PATHS = NO;
				CLANG_CXX_LANGUAGE_STANDARD = "gnu++0x";
				CLANG_CXX_LIBRARY = "libc++";
				CLANG_ENABLE_MODULES = YES;
				CLANG_ENABLE_OBJC_ARC = YES;
				CLANG_WARN_BOOL_CONVERSION = YES;
				CLANG_WARN_CONSTANT_CONVERSION = YES;
				CLANG_WARN_DIRECT_OBJC_ISA_USAGE = YES_ERROR;
				CLANG_WARN_EMPTY_BODY = YES;
				CLANG_WARN_ENUM_CONVERSION = YES;
				CLANG_WARN_INT_CONVERSION = YES;
				CLANG_WARN_OBJC_ROOT_CLASS = YES_ERROR;
				CLANG_WARN_UNREACHABLE_CODE = YES;
				CLANG_WARN__DUPLICATE_METHOD_MATCH = YES;
				"CODE_SIGN_IDENTITY[sdk=iphoneos*]" = "iPhone Developer";
				COPY_PHASE_STRIP = NO;
				DEBUG_INFORMATION_FORMAT = "dwarf-with-dsym";
				ENABLE_STRICT_OBJC_MSGSEND = YES;
				GCC_C_LANGUAGE_STANDARD = gnu99;
				GCC_DYNAMIC_NO_PIC = NO;
				GCC_NO_COMMON_BLOCKS = YES;
				GCC_OPTIMIZATION_LEVEL = 0;
				GCC_PREPROCESSOR_DEFINITIONS = (
					"DEBUG=1",
					"$(inherited)",
				);
				GCC_SYMBOLS_PRIVATE_EXTERN = NO;
				GCC_WARN_64_TO_32_BIT_CONVERSION = YES;
				GCC_WARN_ABOUT_RETURN_TYPE = YES_ERROR;
				GCC_WARN_UNDECLARED_SELECTOR = YES;
				GCC_WARN_UNINITIALIZED_AUTOS = YES_AGGRESSIVE;
				GCC_WARN_UNUSED_FUNCTION = YES;
				GCC_WARN_UNUSED_VARIABLE = YES;
				IPHONEOS_DEPLOYMENT_TARGET = 8.4;
				MTL_ENABLE_DEBUG_INFO = YES;
				ONLY_ACTIVE_ARCH = YES;
				SDKROOT = iphoneos;
				TARGETED_DEVICE_FAMILY = "1,2";
			};
			name = Debug;
		};
		04DAE13A1C06F9740037928C /* Release */ = {
			isa = XCBuildConfiguration;
			buildSettings = {
				ALWAYS_SEARCH_USER_PATHS = NO;
				CLANG_CXX_LANGUAGE_STANDARD = "gnu++0x";
				CLANG_CXX_LIBRARY = "libc++";
				CLANG_ENABLE_MODULES = YES;
				CLANG_ENABLE_OBJC_ARC = YES;
				CLANG_WARN_BOOL_CONVERSION = YES;
				CLANG_WARN_CONSTANT_CONVERSION = YES;
				CLANG_WARN_DIRECT_OBJC_ISA_USAGE = YES_ERROR;
				CLANG_WARN_EMPTY_BODY = YES;
				CLANG_WARN_ENUM_CONVERSION = YES;
				CLANG_WARN_INT_CONVERSION = YES;
				CLANG_WARN_OBJC_ROOT_CLASS = YES_ERROR;
				CLANG_WARN_UNREACHABLE_CODE = YES;
				CLANG_WARN__DUPLICATE_METHOD_MATCH = YES;
				"CODE_SIGN_IDENTITY[sdk=iphoneos*]" = "iPhone Developer";
				COPY_PHASE_STRIP = NO;
				DEBUG_INFORMATION_FORMAT = "dwarf-with-dsym";
				ENABLE_NS_ASSERTIONS = NO;
				ENABLE_STRICT_OBJC_MSGSEND = YES;
				GCC_C_LANGUAGE_STANDARD = gnu99;
				GCC_NO_COMMON_BLOCKS = YES;
				GCC_WARN_64_TO_32_BIT_CONVERSION = YES;
				GCC_WARN_ABOUT_RETURN_TYPE = YES_ERROR;
				GCC_WARN_UNDECLARED_SELECTOR = YES;
				GCC_WARN_UNINITIALIZED_AUTOS = YES_AGGRESSIVE;
				GCC_WARN_UNUSED_FUNCTION = YES;
				GCC_WARN_UNUSED_VARIABLE = YES;
				IPHONEOS_DEPLOYMENT_TARGET = 8.4;
				MTL_ENABLE_DEBUG_INFO = NO;
				SDKROOT = iphoneos;
				TARGETED_DEVICE_FAMILY = "1,2";
				VALIDATE_PRODUCT = YES;
			};
			name = Release;
		};
		04DAE13C1C06F9740037928C /* Debug */ = {
			isa = XCBuildConfiguration;
			buildSettings = {
				ASSETCATALOG_COMPILER_APPICON_NAME = AppIcon;
				INFOPLIST_FILE = title/Info.plist;
				LD_RUNPATH_SEARCH_PATHS = "$(inherited) @executable_path/Frameworks";
				PRODUCT_NAME = "$(TARGET_NAME)";
			};
			name = Debug;
		};
		04DAE13D1C06F9740037928C /* Release */ = {
			isa = XCBuildConfiguration;
			buildSettings = {
				ASSETCATALOG_COMPILER_APPICON_NAME = AppIcon;
				INFOPLIST_FILE = title/Info.plist;
				LD_RUNPATH_SEARCH_PATHS = "$(inherited) @executable_path/Frameworks";
				PRODUCT_NAME = "$(TARGET_NAME)";
			};
			name = Release;
		};
		04DAE13F1C06F9740037928C /* Debug */ = {
			isa = XCBuildConfiguration;
			buildSettings = {
				BUNDLE_LOADER = "$(TEST_HOST)";
				FRAMEWORK_SEARCH_PATHS = (
					"$(SDKROOT)/Developer/Library/Frameworks",
					"$(inherited)",
				);
				GCC_PREPROCESSOR_DEFINITIONS = (
					"DEBUG=1",
					"$(inherited)",
				);
				INFOPLIST_FILE = titleTests/Info.plist;
				LD_RUNPATH_SEARCH_PATHS = "$(inherited) @executable_path/Frameworks @loader_path/Frameworks";
				PRODUCT_NAME = "$(TARGET_NAME)";
				TEST_HOST = "$(BUILT_PRODUCTS_DIR)/title.app/title";
			};
			name = Debug;
		};
		04DAE1401C06F9740037928C /* Release */ = {
			isa = XCBuildConfiguration;
			buildSettings = {
				BUNDLE_LOADER = "$(TEST_HOST)";
				FRAMEWORK_SEARCH_PATHS = (
					"$(SDKROOT)/Developer/Library/Frameworks",
					"$(inherited)",
				);
				INFOPLIST_FILE = titleTests/Info.plist;
				LD_RUNPATH_SEARCH_PATHS = "$(inherited) @executable_path/Frameworks @loader_path/Frameworks";
				PRODUCT_NAME = "$(TARGET_NAME)";
				TEST_HOST = "$(BUILT_PRODUCTS_DIR)/title.app/title";
			};
			name = Release;
		};
/* End XCBuildConfiguration section */

/* Begin XCConfigurationList section */
		04DAE1131C06F9740037928C /* Build configuration list for PBXProject "title" */ = {
			isa = XCConfigurationList;
			buildConfigurations = (
				04DAE1391C06F9740037928C /* Debug */,
				04DAE13A1C06F9740037928C /* Release */,
			);
			defaultConfigurationIsVisible = 0;
			defaultConfigurationName = Release;
		};
		04DAE13B1C06F9740037928C /* Build configuration list for PBXNativeTarget "title" */ = {
			isa = XCConfigurationList;
			buildConfigurations = (
				04DAE13C1C06F9740037928C /* Debug */,
				04DAE13D1C06F9740037928C /* Release */,
			);
			defaultConfigurationIsVisible = 0;
		};
		04DAE13E1C06F9740037928C /* Build configuration list for PBXNativeTarget "titleTests" */ = {
			isa = XCConfigurationList;
			buildConfigurations = (
				04DAE13F1C06F9740037928C /* Debug */,
				04DAE1401C06F9740037928C /* Release */,
			);
			defaultConfigurationIsVisible = 0;
		};
/* End XCConfigurationList section */
	};
	rootObject = 04DAE1101C06F9740037928C /* Project object */;
}
